// !$*UTF8*$!
{
	archiveVersion = 1;
	classes = {
	};
	objectVersion = 46;
	objects = {

/* Begin PBXBuildFile section */
		43553D8C8D1B881EDF01305D /* Pods_Connect.framework in Frameworks */ = {isa = PBXBuildFile; fileRef = 07C37F6A019E4A4766D932AF /* Pods_Connect.framework */; };
		DA1A94271DF4FB5A00C9B0D5 /* ThirdViewController.swift in Sources */ = {isa = PBXBuildFile; fileRef = DA1A94261DF4FB5A00C9B0D5 /* ThirdViewController.swift */; };
		DA1A94291DF4FB9E00C9B0D5 /* AdminFirstViewController.swift in Sources */ = {isa = PBXBuildFile; fileRef = DA1A94281DF4FB9E00C9B0D5 /* AdminFirstViewController.swift */; };
		DA1A942B1DF4FBB500C9B0D5 /* AdminSecondViewController.swift in Sources */ = {isa = PBXBuildFile; fileRef = DA1A942A1DF4FBB500C9B0D5 /* AdminSecondViewController.swift */; };
		DA1A942D1DF4FBD200C9B0D5 /* AdminThirdViewController.swift in Sources */ = {isa = PBXBuildFile; fileRef = DA1A942C1DF4FBD200C9B0D5 /* AdminThirdViewController.swift */; };
		DA1A942F1DF4FC1700C9B0D5 /* DetailComplainViewController.swift in Sources */ = {isa = PBXBuildFile; fileRef = DA1A942E1DF4FC1700C9B0D5 /* DetailComplainViewController.swift */; };
		DA1A94311DF4FCB200C9B0D5 /* SignInLoginViewController.swift in Sources */ = {isa = PBXBuildFile; fileRef = DA1A94301DF4FCB200C9B0D5 /* SignInLoginViewController.swift */; };
		DA6503EF1DF4E51800A81E6F /* MapKit.framework in Frameworks */ = {isa = PBXBuildFile; fileRef = DA6503EE1DF4E51800A81E6F /* MapKit.framework */; };
		DA8D09B11E0098D60001B7F9 /* LoadingViewController.swift in Sources */ = {isa = PBXBuildFile; fileRef = DA8D09B01E0098D60001B7F9 /* LoadingViewController.swift */; };
		DAADF1A71E079E47007B9C22 /* Assets.xcassets in Resources */ = {isa = PBXBuildFile; fileRef = DAADF1A61E079E47007B9C22 /* Assets.xcassets */; };
		DAD389111DF78D6E0049764E /* Annotation.swift in Sources */ = {isa = PBXBuildFile; fileRef = DAD389101DF78D6E0049764E /* Annotation.swift */; };
		DAD3D0401DF4DB0D001D9846 /* AppDelegate.swift in Sources */ = {isa = PBXBuildFile; fileRef = DAD3D03F1DF4DB0D001D9846 /* AppDelegate.swift */; };
		DAD3D0421DF4DB0D001D9846 /* FirstViewController.swift in Sources */ = {isa = PBXBuildFile; fileRef = DAD3D0411DF4DB0D001D9846 /* FirstViewController.swift */; };
		DAD3D0441DF4DB0D001D9846 /* SecondViewController.swift in Sources */ = {isa = PBXBuildFile; fileRef = DAD3D0431DF4DB0D001D9846 /* SecondViewController.swift */; };
		DAD3D0471DF4DB0D001D9846 /* Main.storyboard in Resources */ = {isa = PBXBuildFile; fileRef = DAD3D0451DF4DB0D001D9846 /* Main.storyboard */; };
		DAD3D04C1DF4DB0D001D9846 /* LaunchScreen.storyboard in Resources */ = {isa = PBXBuildFile; fileRef = DAD3D04A1DF4DB0D001D9846 /* LaunchScreen.storyboard */; };
		DAD3D0571DF4DB0E001D9846 /* ConnectTests.swift in Sources */ = {isa = PBXBuildFile; fileRef = DAD3D0561DF4DB0E001D9846 /* ConnectTests.swift */; };
		DAD3D0621DF4DB0E001D9846 /* ConnectUITests.swift in Sources */ = {isa = PBXBuildFile; fileRef = DAD3D0611DF4DB0E001D9846 /* ConnectUITests.swift */; };
		DADD46711DF5284700AAA6A1 /* GoogleService-Info.plist in Resources */ = {isa = PBXBuildFile; fileRef = DADD46701DF5284700AAA6A1 /* GoogleService-Info.plist */; };
		DADD46751DF6426C00AAA6A1 /* Category.swift in Sources */ = {isa = PBXBuildFile; fileRef = DADD46741DF6426C00AAA6A1 /* Category.swift */; };
		DADD46791DF7354300AAA6A1 /* Complain.swift in Sources */ = {isa = PBXBuildFile; fileRef = DADD46781DF7354300AAA6A1 /* Complain.swift */; };
		DADD467B1DF75AC700AAA6A1 /* CustomTableViewCell.swift in Sources */ = {isa = PBXBuildFile; fileRef = DADD467A1DF75AC700AAA6A1 /* CustomTableViewCell.swift */; };
/* End PBXBuildFile section */

/* Begin PBXContainerItemProxy section */
		DAD3D0531DF4DB0D001D9846 /* PBXContainerItemProxy */ = {
			isa = PBXContainerItemProxy;
			containerPortal = DAD3D0341DF4DB0C001D9846 /* Project object */;
			proxyType = 1;
			remoteGlobalIDString = DAD3D03B1DF4DB0C001D9846;
			remoteInfo = Connect;
		};
		DAD3D05E1DF4DB0E001D9846 /* PBXContainerItemProxy */ = {
			isa = PBXContainerItemProxy;
			containerPortal = DAD3D0341DF4DB0C001D9846 /* Project object */;
			proxyType = 1;
			remoteGlobalIDString = DAD3D03B1DF4DB0C001D9846;
			remoteInfo = Connect;
		};
/* End PBXContainerItemProxy section */

/* Begin PBXFileReference section */
		07C37F6A019E4A4766D932AF /* Pods_Connect.framework */ = {isa = PBXFileReference; explicitFileType = wrapper.framework; includeInIndex = 0; path = Pods_Connect.framework; sourceTree = BUILT_PRODUCTS_DIR; };
		874212F50989A59F33E93528 /* Pods-Connect.debug.xcconfig */ = {isa = PBXFileReference; includeInIndex = 1; lastKnownFileType = text.xcconfig; name = "Pods-Connect.debug.xcconfig"; path = "Pods/Target Support Files/Pods-Connect/Pods-Connect.debug.xcconfig"; sourceTree = "<group>"; };
		AFBCDAA266B7DD92349DF719 /* Pods-Connect.release.xcconfig */ = {isa = PBXFileReference; includeInIndex = 1; lastKnownFileType = text.xcconfig; name = "Pods-Connect.release.xcconfig"; path = "Pods/Target Support Files/Pods-Connect/Pods-Connect.release.xcconfig"; sourceTree = "<group>"; };
		DA1A94261DF4FB5A00C9B0D5 /* ThirdViewController.swift */ = {isa = PBXFileReference; fileEncoding = 4; lastKnownFileType = sourcecode.swift; path = ThirdViewController.swift; sourceTree = "<group>"; };
		DA1A94281DF4FB9E00C9B0D5 /* AdminFirstViewController.swift */ = {isa = PBXFileReference; fileEncoding = 4; lastKnownFileType = sourcecode.swift; path = AdminFirstViewController.swift; sourceTree = "<group>"; };
		DA1A942A1DF4FBB500C9B0D5 /* AdminSecondViewController.swift */ = {isa = PBXFileReference; fileEncoding = 4; lastKnownFileType = sourcecode.swift; path = AdminSecondViewController.swift; sourceTree = "<group>"; };
		DA1A942C1DF4FBD200C9B0D5 /* AdminThirdViewController.swift */ = {isa = PBXFileReference; fileEncoding = 4; lastKnownFileType = sourcecode.swift; path = AdminThirdViewController.swift; sourceTree = "<group>"; };
		DA1A942E1DF4FC1700C9B0D5 /* DetailComplainViewController.swift */ = {isa = PBXFileReference; fileEncoding = 4; lastKnownFileType = sourcecode.swift; path = DetailComplainViewController.swift; sourceTree = "<group>"; };
		DA1A94301DF4FCB200C9B0D5 /* SignInLoginViewController.swift */ = {isa = PBXFileReference; fileEncoding = 4; lastKnownFileType = sourcecode.swift; path = SignInLoginViewController.swift; sourceTree = "<group>"; };
		DA6503EE1DF4E51800A81E6F /* MapKit.framework */ = {isa = PBXFileReference; lastKnownFileType = wrapper.framework; name = MapKit.framework; path = System/Library/Frameworks/MapKit.framework; sourceTree = SDKROOT; };
		DA8D09B01E0098D60001B7F9 /* LoadingViewController.swift */ = {isa = PBXFileReference; fileEncoding = 4; lastKnownFileType = sourcecode.swift; path = LoadingViewController.swift; sourceTree = "<group>"; };
		DAADF1A61E079E47007B9C22 /* Assets.xcassets */ = {isa = PBXFileReference; lastKnownFileType = folder.assetcatalog; path = Assets.xcassets; sourceTree = "<group>"; };
		DAD389101DF78D6E0049764E /* Annotation.swift */ = {isa = PBXFileReference; fileEncoding = 4; lastKnownFileType = sourcecode.swift; path = Annotation.swift; sourceTree = "<group>"; };
		DAD3D03C1DF4DB0D001D9846 /* Connect.app */ = {isa = PBXFileReference; explicitFileType = wrapper.application; includeInIndex = 0; path = Connect.app; sourceTree = BUILT_PRODUCTS_DIR; };
		DAD3D03F1DF4DB0D001D9846 /* AppDelegate.swift */ = {isa = PBXFileReference; lastKnownFileType = sourcecode.swift; path = AppDelegate.swift; sourceTree = "<group>"; };
		DAD3D0411DF4DB0D001D9846 /* FirstViewController.swift */ = {isa = PBXFileReference; lastKnownFileType = sourcecode.swift; path = FirstViewController.swift; sourceTree = "<group>"; };
		DAD3D0431DF4DB0D001D9846 /* SecondViewController.swift */ = {isa = PBXFileReference; lastKnownFileType = sourcecode.swift; path = SecondViewController.swift; sourceTree = "<group>"; };
		DAD3D0461DF4DB0D001D9846 /* Base */ = {isa = PBXFileReference; lastKnownFileType = file.storyboard; name = Base; path = Base.lproj/Main.storyboard; sourceTree = "<group>"; };
		DAD3D04B1DF4DB0D001D9846 /* Base */ = {isa = PBXFileReference; lastKnownFileType = file.storyboard; name = Base; path = Base.lproj/LaunchScreen.storyboard; sourceTree = "<group>"; };
		DAD3D04D1DF4DB0D001D9846 /* Info.plist */ = {isa = PBXFileReference; lastKnownFileType = text.plist.xml; path = Info.plist; sourceTree = "<group>"; };
		DAD3D0521DF4DB0D001D9846 /* ConnectTests.xctest */ = {isa = PBXFileReference; explicitFileType = wrapper.cfbundle; includeInIndex = 0; path = ConnectTests.xctest; sourceTree = BUILT_PRODUCTS_DIR; };
		DAD3D0561DF4DB0E001D9846 /* ConnectTests.swift */ = {isa = PBXFileReference; lastKnownFileType = sourcecode.swift; path = ConnectTests.swift; sourceTree = "<group>"; };
		DAD3D0581DF4DB0E001D9846 /* Info.plist */ = {isa = PBXFileReference; lastKnownFileType = text.plist.xml; path = Info.plist; sourceTree = "<group>"; };
		DAD3D05D1DF4DB0E001D9846 /* ConnectUITests.xctest */ = {isa = PBXFileReference; explicitFileType = wrapper.cfbundle; includeInIndex = 0; path = ConnectUITests.xctest; sourceTree = BUILT_PRODUCTS_DIR; };
		DAD3D0611DF4DB0E001D9846 /* ConnectUITests.swift */ = {isa = PBXFileReference; lastKnownFileType = sourcecode.swift; path = ConnectUITests.swift; sourceTree = "<group>"; };
		DAD3D0631DF4DB0E001D9846 /* Info.plist */ = {isa = PBXFileReference; lastKnownFileType = text.plist.xml; path = Info.plist; sourceTree = "<group>"; };
		DADD46701DF5284700AAA6A1 /* GoogleService-Info.plist */ = {isa = PBXFileReference; fileEncoding = 4; lastKnownFileType = text.plist.xml; path = "GoogleService-Info.plist"; sourceTree = "<group>"; };
		DADD46721DF5F7CE00AAA6A1 /* Connect.entitlements */ = {isa = PBXFileReference; lastKnownFileType = text.plist.entitlements; path = Connect.entitlements; sourceTree = "<group>"; };
		DADD46741DF6426C00AAA6A1 /* Category.swift */ = {isa = PBXFileReference; fileEncoding = 4; lastKnownFileType = sourcecode.swift; path = Category.swift; sourceTree = "<group>"; };
		DADD46781DF7354300AAA6A1 /* Complain.swift */ = {isa = PBXFileReference; fileEncoding = 4; lastKnownFileType = sourcecode.swift; path = Complain.swift; sourceTree = "<group>"; };
		DADD467A1DF75AC700AAA6A1 /* CustomTableViewCell.swift */ = {isa = PBXFileReference; fileEncoding = 4; lastKnownFileType = sourcecode.swift; path = CustomTableViewCell.swift; sourceTree = "<group>"; };
/* End PBXFileReference section */

/* Begin PBXFrameworksBuildPhase section */
		DAD3D0391DF4DB0C001D9846 /* Frameworks */ = {
			isa = PBXFrameworksBuildPhase;
			buildActionMask = 2147483647;
			files = (
				DA6503EF1DF4E51800A81E6F /* MapKit.framework in Frameworks */,
				43553D8C8D1B881EDF01305D /* Pods_Connect.framework in Frameworks */,
			);
			runOnlyForDeploymentPostprocessing = 0;
		};
		DAD3D04F1DF4DB0D001D9846 /* Frameworks */ = {
			isa = PBXFrameworksBuildPhase;
			buildActionMask = 2147483647;
			files = (
			);
			runOnlyForDeploymentPostprocessing = 0;
		};
		DAD3D05A1DF4DB0E001D9846 /* Frameworks */ = {
			isa = PBXFrameworksBuildPhase;
			buildActionMask = 2147483647;
			files = (
			);
			runOnlyForDeploymentPostprocessing = 0;
		};
/* End PBXFrameworksBuildPhase section */

/* Begin PBXGroup section */
		4E07778E9C1E736D09EC07AD /* Pods */ = {
			isa = PBXGroup;
			children = (
				874212F50989A59F33E93528 /* Pods-Connect.debug.xcconfig */,
				AFBCDAA266B7DD92349DF719 /* Pods-Connect.release.xcconfig */,
			);
			name = Pods;
			sourceTree = "<group>";
		};
		DA1A94251DF4FAA400C9B0D5 /* ViewController */ = {
			isa = PBXGroup;
			children = (
				DAD3D0411DF4DB0D001D9846 /* FirstViewController.swift */,
				DA1A942E1DF4FC1700C9B0D5 /* DetailComplainViewController.swift */,
				DAD3D0431DF4DB0D001D9846 /* SecondViewController.swift */,
				DA1A94261DF4FB5A00C9B0D5 /* ThirdViewController.swift */,
				DA1A94281DF4FB9E00C9B0D5 /* AdminFirstViewController.swift */,
				DA1A942A1DF4FBB500C9B0D5 /* AdminSecondViewController.swift */,
				DA1A942C1DF4FBD200C9B0D5 /* AdminThirdViewController.swift */,
				DA1A94301DF4FCB200C9B0D5 /* SignInLoginViewController.swift */,
				DADD467A1DF75AC700AAA6A1 /* CustomTableViewCell.swift */,
				DA8D09B01E0098D60001B7F9 /* LoadingViewController.swift */,
			);
			name = ViewController;
			sourceTree = "<group>";
		};
		DA6503ED1DF4E51800A81E6F /* Frameworks */ = {
			isa = PBXGroup;
			children = (
				DA6503EE1DF4E51800A81E6F /* MapKit.framework */,
				07C37F6A019E4A4766D932AF /* Pods_Connect.framework */,
			);
			name = Frameworks;
			sourceTree = "<group>";
		};
		DAD3D0331DF4DB0C001D9846 = {
			isa = PBXGroup;
			children = (
				DAD3D03E1DF4DB0D001D9846 /* Connect */,
				DAD3D0551DF4DB0E001D9846 /* ConnectTests */,
				DAD3D0601DF4DB0E001D9846 /* ConnectUITests */,
				DAD3D03D1DF4DB0D001D9846 /* Products */,
				DA6503ED1DF4E51800A81E6F /* Frameworks */,
				4E07778E9C1E736D09EC07AD /* Pods */,
			);
			sourceTree = "<group>";
		};
		DAD3D03D1DF4DB0D001D9846 /* Products */ = {
			isa = PBXGroup;
			children = (
				DAD3D03C1DF4DB0D001D9846 /* Connect.app */,
				DAD3D0521DF4DB0D001D9846 /* ConnectTests.xctest */,
				DAD3D05D1DF4DB0E001D9846 /* ConnectUITests.xctest */,
			);
			name = Products;
			sourceTree = "<group>";
		};
		DAD3D03E1DF4DB0D001D9846 /* Connect */ = {
			isa = PBXGroup;
			children = (
				DADD46731DF6423400AAA6A1 /* Module */,
				DADD46721DF5F7CE00AAA6A1 /* Connect.entitlements */,
				DA1A94251DF4FAA400C9B0D5 /* ViewController */,
				DAD3D03F1DF4DB0D001D9846 /* AppDelegate.swift */,
				DADD46701DF5284700AAA6A1 /* GoogleService-Info.plist */,
				DAD3D0451DF4DB0D001D9846 /* Main.storyboard */,
				DAD3D04A1DF4DB0D001D9846 /* LaunchScreen.storyboard */,
				DAD3D04D1DF4DB0D001D9846 /* Info.plist */,
				DAADF1A61E079E47007B9C22 /* Assets.xcassets */,
			);
			path = Connect;
			sourceTree = "<group>";
		};
		DAD3D0551DF4DB0E001D9846 /* ConnectTests */ = {
			isa = PBXGroup;
			children = (
				DAD3D0561DF4DB0E001D9846 /* ConnectTests.swift */,
				DAD3D0581DF4DB0E001D9846 /* Info.plist */,
			);
			path = ConnectTests;
			sourceTree = "<group>";
		};
		DAD3D0601DF4DB0E001D9846 /* ConnectUITests */ = {
			isa = PBXGroup;
			children = (
				DAD3D0611DF4DB0E001D9846 /* ConnectUITests.swift */,
				DAD3D0631DF4DB0E001D9846 /* Info.plist */,
			);
			path = ConnectUITests;
			sourceTree = "<group>";
		};
		DADD46731DF6423400AAA6A1 /* Module */ = {
			isa = PBXGroup;
			children = (
				DADD46741DF6426C00AAA6A1 /* Category.swift */,
				DADD46781DF7354300AAA6A1 /* Complain.swift */,
				DAD389101DF78D6E0049764E /* Annotation.swift */,
			);
			name = Module;
			sourceTree = "<group>";
		};
/* End PBXGroup section */

/* Begin PBXNativeTarget section */
		DAD3D03B1DF4DB0C001D9846 /* Connect */ = {
			isa = PBXNativeTarget;
			buildConfigurationList = DAD3D0661DF4DB0E001D9846 /* Build configuration list for PBXNativeTarget "Connect" */;
			buildPhases = (
				6D75F8A162CE4473085C9E79 /* [CP] Check Pods Manifest.lock */,
				DAD3D0381DF4DB0C001D9846 /* Sources */,
				DAD3D0391DF4DB0C001D9846 /* Frameworks */,
				DAD3D03A1DF4DB0C001D9846 /* Resources */,
				BA286D651008BAFFC28E2D39 /* [CP] Embed Pods Frameworks */,
				18672E2B7F50B325BD069FB0 /* [CP] Copy Pods Resources */,
			);
			buildRules = (
			);
			dependencies = (
			);
			name = Connect;
			productName = Connect;
			productReference = DAD3D03C1DF4DB0D001D9846 /* Connect.app */;
			productType = "com.apple.product-type.application";
		};
		DAD3D0511DF4DB0D001D9846 /* ConnectTests */ = {
			isa = PBXNativeTarget;
			buildConfigurationList = DAD3D0691DF4DB0E001D9846 /* Build configuration list for PBXNativeTarget "ConnectTests" */;
			buildPhases = (
				DAD3D04E1DF4DB0D001D9846 /* Sources */,
				DAD3D04F1DF4DB0D001D9846 /* Frameworks */,
				DAD3D0501DF4DB0D001D9846 /* Resources */,
			);
			buildRules = (
			);
			dependencies = (
				DAD3D0541DF4DB0D001D9846 /* PBXTargetDependency */,
			);
			name = ConnectTests;
			productName = ConnectTests;
			productReference = DAD3D0521DF4DB0D001D9846 /* ConnectTests.xctest */;
			productType = "com.apple.product-type.bundle.unit-test";
		};
		DAD3D05C1DF4DB0E001D9846 /* ConnectUITests */ = {
			isa = PBXNativeTarget;
			buildConfigurationList = DAD3D06C1DF4DB0E001D9846 /* Build configuration list for PBXNativeTarget "ConnectUITests" */;
			buildPhases = (
				DAD3D0591DF4DB0E001D9846 /* Sources */,
				DAD3D05A1DF4DB0E001D9846 /* Frameworks */,
				DAD3D05B1DF4DB0E001D9846 /* Resources */,
			);
			buildRules = (
			);
			dependencies = (
				DAD3D05F1DF4DB0E001D9846 /* PBXTargetDependency */,
			);
			name = ConnectUITests;
			productName = ConnectUITests;
			productReference = DAD3D05D1DF4DB0E001D9846 /* ConnectUITests.xctest */;
			productType = "com.apple.product-type.bundle.ui-testing";
		};
/* End PBXNativeTarget section */

/* Begin PBXProject section */
		DAD3D0341DF4DB0C001D9846 /* Project object */ = {
			isa = PBXProject;
			attributes = {
				LastSwiftUpdateCheck = 0810;
				LastUpgradeCheck = 0810;
				ORGANIZATIONNAME = "Chirag Palesha";
				TargetAttributes = {
					DAD3D03B1DF4DB0C001D9846 = {
						CreatedOnToolsVersion = 8.1;
						DevelopmentTeam = FG8E23N352;
						ProvisioningStyle = Automatic;
						SystemCapabilities = {
							com.apple.Keychain = {
								enabled = 1;
							};
						};
					};
					DAD3D0511DF4DB0D001D9846 = {
						CreatedOnToolsVersion = 8.1;
						ProvisioningStyle = Automatic;
						TestTargetID = DAD3D03B1DF4DB0C001D9846;
					};
					DAD3D05C1DF4DB0E001D9846 = {
						CreatedOnToolsVersion = 8.1;
						ProvisioningStyle = Automatic;
						TestTargetID = DAD3D03B1DF4DB0C001D9846;
					};
				};
			};
			buildConfigurationList = DAD3D0371DF4DB0C001D9846 /* Build configuration list for PBXProject "Connect" */;
			compatibilityVersion = "Xcode 3.2";
			developmentRegion = English;
			hasScannedForEncodings = 0;
			knownRegions = (
				en,
				Base,
			);
			mainGroup = DAD3D0331DF4DB0C001D9846;
			productRefGroup = DAD3D03D1DF4DB0D001D9846 /* Products */;
			projectDirPath = "";
			projectRoot = "";
			targets = (
				DAD3D03B1DF4DB0C001D9846 /* Connect */,
				DAD3D0511DF4DB0D001D9846 /* ConnectTests */,
				DAD3D05C1DF4DB0E001D9846 /* ConnectUITests */,
			);
		};
/* End PBXProject section */

/* Begin PBXResourcesBuildPhase section */
		DAD3D03A1DF4DB0C001D9846 /* Resources */ = {
			isa = PBXResourcesBuildPhase;
			buildActionMask = 2147483647;
			files = (
				DAD3D04C1DF4DB0D001D9846 /* LaunchScreen.storyboard in Resources */,
				DADD46711DF5284700AAA6A1 /* GoogleService-Info.plist in Resources */,
				DAADF1A71E079E47007B9C22 /* Assets.xcassets in Resources */,
				DAD3D0471DF4DB0D001D9846 /* Main.storyboard in Resources */,
			);
			runOnlyForDeploymentPostprocessing = 0;
		};
		DAD3D0501DF4DB0D001D9846 /* Resources */ = {
			isa = PBXResourcesBuildPhase;
			buildActionMask = 2147483647;
			files = (
			);
			runOnlyForDeploymentPostprocessing = 0;
		};
		DAD3D05B1DF4DB0E001D9846 /* Resources */ = {
			isa = PBXResourcesBuildPhase;
			buildActionMask = 2147483647;
			files = (
			);
			runOnlyForDeploymentPostprocessing = 0;
		};
/* End PBXResourcesBuildPhase section */

/* Begin PBXShellScriptBuildPhase section */
		18672E2B7F50B325BD069FB0 /* [CP] Copy Pods Resources */ = {
			isa = PBXShellScriptBuildPhase;
			buildActionMask = 2147483647;
			files = (
			);
			inputPaths = (
			);
			name = "[CP] Copy Pods Resources";
			outputPaths = (
			);
			runOnlyForDeploymentPostprocessing = 0;
			shellPath = /bin/sh;
			shellScript = "\"${SRCROOT}/Pods/Target Support Files/Pods-Connect/Pods-Connect-resources.sh\"\n";
			showEnvVarsInLog = 0;
		};
		6D75F8A162CE4473085C9E79 /* [CP] Check Pods Manifest.lock */ = {
			isa = PBXShellScriptBuildPhase;
			buildActionMask = 2147483647;
			files = (
			);
			inputPaths = (
			);
			name = "[CP] Check Pods Manifest.lock";
			outputPaths = (
			);
			runOnlyForDeploymentPostprocessing = 0;
			shellPath = /bin/sh;
			shellScript = "diff \"${PODS_ROOT}/../Podfile.lock\" \"${PODS_ROOT}/Manifest.lock\" > /dev/null\nif [ $? != 0 ] ; then\n    # print error to STDERR\n    echo \"error: The sandbox is not in sync with the Podfile.lock. Run 'pod install' or update your CocoaPods installation.\" >&2\n    exit 1\nfi\n";
			showEnvVarsInLog = 0;
		};
		BA286D651008BAFFC28E2D39 /* [CP] Embed Pods Frameworks */ = {
			isa = PBXShellScriptBuildPhase;
			buildActionMask = 2147483647;
			files = (
			);
			inputPaths = (
			);
			name = "[CP] Embed Pods Frameworks";
			outputPaths = (
			);
			runOnlyForDeploymentPostprocessing = 0;
			shellPath = /bin/sh;
			shellScript = "\"${SRCROOT}/Pods/Target Support Files/Pods-Connect/Pods-Connect-frameworks.sh\"\n";
			showEnvVarsInLog = 0;
		};
/* End PBXShellScriptBuildPhase section */

/* Begin PBXSourcesBuildPhase section */
		DAD3D0381DF4DB0C001D9846 /* Sources */ = {
			isa = PBXSourcesBuildPhase;
			buildActionMask = 2147483647;
			files = (
				DA1A942B1DF4FBB500C9B0D5 /* AdminSecondViewController.swift in Sources */,
				DADD46791DF7354300AAA6A1 /* Complain.swift in Sources */,
				DADD46751DF6426C00AAA6A1 /* Category.swift in Sources */,
				DA1A94311DF4FCB200C9B0D5 /* SignInLoginViewController.swift in Sources */,
				DAD389111DF78D6E0049764E /* Annotation.swift in Sources */,
				DAD3D0441DF4DB0D001D9846 /* SecondViewController.swift in Sources */,
				DA1A942F1DF4FC1700C9B0D5 /* DetailComplainViewController.swift in Sources */,
				DA8D09B11E0098D60001B7F9 /* LoadingViewController.swift in Sources */,
				DADD467B1DF75AC700AAA6A1 /* CustomTableViewCell.swift in Sources */,
				DAD3D0401DF4DB0D001D9846 /* AppDelegate.swift in Sources */,
				DA1A94291DF4FB9E00C9B0D5 /* AdminFirstViewController.swift in Sources */,
				DA1A94271DF4FB5A00C9B0D5 /* ThirdViewController.swift in Sources */,
				DA1A942D1DF4FBD200C9B0D5 /* AdminThirdViewController.swift in Sources */,
				DAD3D0421DF4DB0D001D9846 /* FirstViewController.swift in Sources */,
			);
			runOnlyForDeploymentPostprocessing = 0;
		};
		DAD3D04E1DF4DB0D001D9846 /* Sources */ = {
			isa = PBXSourcesBuildPhase;
			buildActionMask = 2147483647;
			files = (
				DAD3D0571DF4DB0E001D9846 /* ConnectTests.swift in Sources */,
			);
			runOnlyForDeploymentPostprocessing = 0;
		};
		DAD3D0591DF4DB0E001D9846 /* Sources */ = {
			isa = PBXSourcesBuildPhase;
			buildActionMask = 2147483647;
			files = (
				DAD3D0621DF4DB0E001D9846 /* ConnectUITests.swift in Sources */,
			);
			runOnlyForDeploymentPostprocessing = 0;
		};
/* End PBXSourcesBuildPhase section */

/* Begin PBXTargetDependency section */
		DAD3D0541DF4DB0D001D9846 /* PBXTargetDependency */ = {
			isa = PBXTargetDependency;
			target = DAD3D03B1DF4DB0C001D9846 /* Connect */;
			targetProxy = DAD3D0531DF4DB0D001D9846 /* PBXContainerItemProxy */;
		};
		DAD3D05F1DF4DB0E001D9846 /* PBXTargetDependency */ = {
			isa = PBXTargetDependency;
			target = DAD3D03B1DF4DB0C001D9846 /* Connect */;
			targetProxy = DAD3D05E1DF4DB0E001D9846 /* PBXContainerItemProxy */;
		};
/* End PBXTargetDependency section */

/* Begin PBXVariantGroup section */
		DAD3D0451DF4DB0D001D9846 /* Main.storyboard */ = {
			isa = PBXVariantGroup;
			children = (
				DAD3D0461DF4DB0D001D9846 /* Base */,
			);
			name = Main.storyboard;
			sourceTree = "<group>";
		};
		DAD3D04A1DF4DB0D001D9846 /* LaunchScreen.storyboard */ = {
			isa = PBXVariantGroup;
			children = (
				DAD3D04B1DF4DB0D001D9846 /* Base */,
			);
			name = LaunchScreen.storyboard;
			sourceTree = "<group>";
		};
/* End PBXVariantGroup section */

/* Begin XCBuildConfiguration section */
		DAD3D0641DF4DB0E001D9846 /* Debug */ = {
			isa = XCBuildConfiguration;
			buildSettings = {
				ALWAYS_SEARCH_USER_PATHS = NO;
				CLANG_ANALYZER_NONNULL = YES;
				CLANG_CXX_LANGUAGE_STANDARD = "gnu++0x";
				CLANG_CXX_LIBRARY = "libc++";
				CLANG_ENABLE_MODULES = YES;
				CLANG_ENABLE_OBJC_ARC = YES;
				CLANG_WARN_BOOL_CONVERSION = YES;
				CLANG_WARN_CONSTANT_CONVERSION = YES;
				CLANG_WARN_DIRECT_OBJC_ISA_USAGE = YES_ERROR;
				CLANG_WARN_DOCUMENTATION_COMMENTS = YES;
				CLANG_WARN_EMPTY_BODY = YES;
				CLANG_WARN_ENUM_CONVERSION = YES;
				CLANG_WARN_INFINITE_RECURSION = YES;
				CLANG_WARN_INT_CONVERSION = YES;
				CLANG_WARN_OBJC_ROOT_CLASS = YES_ERROR;
				CLANG_WARN_SUSPICIOUS_MOVE = YES;
				CLANG_WARN_SUSPICIOUS_MOVES = YES;
				CLANG_WARN_UNREACHABLE_CODE = YES;
				CLANG_WARN__DUPLICATE_METHOD_MATCH = YES;
				"CODE_SIGN_IDENTITY[sdk=iphoneos*]" = "iPhone Developer";
				COPY_PHASE_STRIP = NO;
				DEBUG_INFORMATION_FORMAT = dwarf;
				ENABLE_STRICT_OBJC_MSGSEND = YES;
				ENABLE_TESTABILITY = YES;
				GCC_C_LANGUAGE_STANDARD = gnu99;
				GCC_DYNAMIC_NO_PIC = NO;
				GCC_NO_COMMON_BLOCKS = YES;
				GCC_OPTIMIZATION_LEVEL = 0;
				GCC_PREPROCESSOR_DEFINITIONS = (
					"DEBUG=1",
					"$(inherited)",
				);
				GCC_WARN_64_TO_32_BIT_CONVERSION = YES;
				GCC_WARN_ABOUT_RETURN_TYPE = YES_ERROR;
				GCC_WARN_UNDECLARED_SELECTOR = YES;
				GCC_WARN_UNINITIALIZED_AUTOS = YES_AGGRESSIVE;
				GCC_WARN_UNUSED_FUNCTION = YES;
				GCC_WARN_UNUSED_VARIABLE = YES;
				IPHONEOS_DEPLOYMENT_TARGET = 10.1;
				MTL_ENABLE_DEBUG_INFO = YES;
				ONLY_ACTIVE_ARCH = YES;
				SDKROOT = iphoneos;
				SWIFT_ACTIVE_COMPILATION_CONDITIONS = DEBUG;
				SWIFT_OPTIMIZATION_LEVEL = "-Onone";
				TARGETED_DEVICE_FAMILY = "1,2";
			};
			name = Debug;
		};
		DAD3D0651DF4DB0E001D9846 /* Release */ = {
			isa = XCBuildConfiguration;
			buildSettings = {
				ALWAYS_SEARCH_USER_PATHS = NO;
				CLANG_ANALYZER_NONNULL = YES;
				CLANG_CXX_LANGUAGE_STANDARD = "gnu++0x";
				CLANG_CXX_LIBRARY = "libc++";
				CLANG_ENABLE_MODULES = YES;
				CLANG_ENABLE_OBJC_ARC = YES;
				CLANG_WARN_BOOL_CONVERSION = YES;
				CLANG_WARN_CONSTANT_CONVERSION = YES;
				CLANG_WARN_DIRECT_OBJC_ISA_USAGE = YES_ERROR;
				CLANG_WARN_DOCUMENTATION_COMMENTS = YES;
				CLANG_WARN_EMPTY_BODY = YES;
				CLANG_WARN_ENUM_CONVERSION = YES;
				CLANG_WARN_INFINITE_RECURSION = YES;
				CLANG_WARN_INT_CONVERSION = YES;
				CLANG_WARN_OBJC_ROOT_CLASS = YES_ERROR;
				CLANG_WARN_SUSPICIOUS_MOVE = YES;
				CLANG_WARN_SUSPICIOUS_MOVES = YES;
				CLANG_WARN_UNREACHABLE_CODE = YES;
				CLANG_WARN__DUPLICATE_METHOD_MATCH = YES;
				"CODE_SIGN_IDENTITY[sdk=iphoneos*]" = "iPhone Developer";
				COPY_PHASE_STRIP = NO;
				DEBUG_INFORMATION_FORMAT = "dwarf-with-dsym";
				ENABLE_NS_ASSERTIONS = NO;
				ENABLE_STRICT_OBJC_MSGSEND = YES;
				GCC_C_LANGUAGE_STANDARD = gnu99;
				GCC_NO_COMMON_BLOCKS = YES;
				GCC_WARN_64_TO_32_BIT_CONVERSION = YES;
				GCC_WARN_ABOUT_RETURN_TYPE = YES_ERROR;
				GCC_WARN_UNDECLARED_SELECTOR = YES;
				GCC_WARN_UNINITIALIZED_AUTOS = YES_AGGRESSIVE;
				GCC_WARN_UNUSED_FUNCTION = YES;
				GCC_WARN_UNUSED_VARIABLE = YES;
				IPHONEOS_DEPLOYMENT_TARGET = 10.1;
				MTL_ENABLE_DEBUG_INFO = NO;
				SDKROOT = iphoneos;
				SWIFT_OPTIMIZATION_LEVEL = "-Owholemodule";
				TARGETED_DEVICE_FAMILY = "1,2";
				VALIDATE_PRODUCT = YES;
			};
			name = Release;
		};
		DAD3D0671DF4DB0E001D9846 /* Debug */ = {
			isa = XCBuildConfiguration;
			baseConfigurationReference = 874212F50989A59F33E93528 /* Pods-Connect.debug.xcconfig */;
			buildSettings = {
				ASSETCATALOG_COMPILER_APPICON_NAME = AppIcon;
				CODE_SIGN_ENTITLEMENTS = Connect/Connect.entitlements;
				CODE_SIGN_IDENTITY = "iPhone Developer";
				"CODE_SIGN_IDENTITY[sdk=iphoneos*]" = "iPhone Developer";
				DEVELOPMENT_TEAM = FG8E23N352;
				INFOPLIST_FILE = Connect/Info.plist;
				IPHONEOS_DEPLOYMENT_TARGET = 10.1;
				LD_RUNPATH_SEARCH_PATHS = "$(inherited) @executable_path/Frameworks";
				PRODUCT_BUNDLE_IDENTIFIER = edu.sdsu.cs646.Connect;
				PRODUCT_NAME = "$(TARGET_NAME)";
				SWIFT_VERSION = 3.0;
				TARGETED_DEVICE_FAMILY = 1;
			};
			name = Debug;
		};
		DAD3D0681DF4DB0E001D9846 /* Release */ = {
			isa = XCBuildConfiguration;
			baseConfigurationReference = AFBCDAA266B7DD92349DF719 /* Pods-Connect.release.xcconfig */;
			buildSettings = {
				ASSETCATALOG_COMPILER_APPICON_NAME = AppIcon;
				CODE_SIGN_ENTITLEMENTS = Connect/Connect.entitlements;
				CODE_SIGN_IDENTITY = "iPhone Developer";
				"CODE_SIGN_IDENTITY[sdk=iphoneos*]" = "iPhone Developer";
				DEVELOPMENT_TEAM = FG8E23N352;
				INFOPLIST_FILE = Connect/Info.plist;
				IPHONEOS_DEPLOYMENT_TARGET = 10.1;
				LD_RUNPATH_SEARCH_PATHS = "$(inherited) @executable_path/Frameworks";
				PRODUCT_BUNDLE_IDENTIFIER = edu.sdsu.cs646.Connect;
				PRODUCT_NAME = "$(TARGET_NAME)";
				SWIFT_VERSION = 3.0;
				TARGETED_DEVICE_FAMILY = 1;
			};
			name = Release;
		};
		DAD3D06A1DF4DB0E001D9846 /* Debug */ = {
			isa = XCBuildConfiguration;
			buildSettings = {
				ALWAYS_EMBED_SWIFT_STANDARD_LIBRARIES = YES;
				BUNDLE_LOADER = "$(TEST_HOST)";
				INFOPLIST_FILE = ConnectTests/Info.plist;
				LD_RUNPATH_SEARCH_PATHS = "$(inherited) @executable_path/Frameworks @loader_path/Frameworks";
				PRODUCT_BUNDLE_IDENTIFIER = edu.sdsu.cs646.ConnectTests;
				PRODUCT_NAME = "$(TARGET_NAME)";
				SWIFT_VERSION = 3.0;
				TEST_HOST = "$(BUILT_PRODUCTS_DIR)/Connect.app/Connect";
			};
			name = Debug;
		};
		DAD3D06B1DF4DB0E001D9846 /* Release */ = {
			isa = XCBuildConfiguration;
			buildSettings = {
				ALWAYS_EMBED_SWIFT_STANDARD_LIBRARIES = YES;
				BUNDLE_LOADER = "$(TEST_HOST)";
				INFOPLIST_FILE = ConnectTests/Info.plist;
				LD_RUNPATH_SEARCH_PATHS = "$(inherited) @executable_path/Frameworks @loader_path/Frameworks";
				PRODUCT_BUNDLE_IDENTIFIER = edu.sdsu.cs646.ConnectTests;
				PRODUCT_NAME = "$(TARGET_NAME)";
				SWIFT_VERSION = 3.0;
				TEST_HOST = "$(BUILT_PRODUCTS_DIR)/Connect.app/Connect";
			};
			name = Release;
		};
		DAD3D06D1DF4DB0E001D9846 /* Debug */ = {
			isa = XCBuildConfiguration;
			buildSettings = {
				ALWAYS_EMBED_SWIFT_STANDARD_LIBRARIES = YES;
				INFOPLIST_FILE = ConnectUITests/Info.plist;
				LD_RUNPATH_SEARCH_PATHS = "$(inherited) @executable_path/Frameworks @loader_path/Frameworks";
				PRODUCT_BUNDLE_IDENTIFIER = edu.sdsu.cs646.ConnectUITests;
				PRODUCT_NAME = "$(TARGET_NAME)";
				SWIFT_VERSION = 3.0;
				TEST_TARGET_NAME = Connect;
			};
			name = Debug;
		};
		DAD3D06E1DF4DB0E001D9846 /* Release */ = {
			isa = XCBuildConfiguration;
			buildSettings = {
				ALWAYS_EMBED_SWIFT_STANDARD_LIBRARIES = YES;
				INFOPLIST_FILE = ConnectUITests/Info.plist;
				LD_RUNPATH_SEARCH_PATHS = "$(inherited) @executable_path/Frameworks @loader_path/Frameworks";
				PRODUCT_BUNDLE_IDENTIFIER = edu.sdsu.cs646.ConnectUITests;
				PRODUCT_NAME = "$(TARGET_NAME)";
				SWIFT_VERSION = 3.0;
				TEST_TARGET_NAME = Connect;
			};
			name = Release;
		};
/* End XCBuildConfiguration section */

/* Begin XCConfigurationList section */
		DAD3D0371DF4DB0C001D9846 /* Build configuration list for PBXProject "Connect" */ = {
			isa = XCConfigurationList;
			buildConfigurations = (
				DAD3D0641DF4DB0E001D9846 /* Debug */,
				DAD3D0651DF4DB0E001D9846 /* Release */,
			);
			defaultConfigurationIsVisible = 0;
			defaultConfigurationName = Release;
		};
		DAD3D0661DF4DB0E001D9846 /* Build configuration list for PBXNativeTarget "Connect" */ = {
			isa = XCConfigurationList;
			buildConfigurations = (
				DAD3D0671DF4DB0E001D9846 /* Debug */,
				DAD3D0681DF4DB0E001D9846 /* Release */,
			);
			defaultConfigurationIsVisible = 0;
			defaultConfigurationName = Release;
		};
		DAD3D0691DF4DB0E001D9846 /* Build configuration list for PBXNativeTarget "ConnectTests" */ = {
			isa = XCConfigurationList;
			buildConfigurations = (
				DAD3D06A1DF4DB0E001D9846 /* Debug */,
				DAD3D06B1DF4DB0E001D9846 /* Release */,
			);
			defaultConfigurationIsVisible = 0;
			defaultConfigurationName = Release;
		};
		DAD3D06C1DF4DB0E001D9846 /* Build configuration list for PBXNativeTarget "ConnectUITests" */ = {
			isa = XCConfigurationList;
			buildConfigurations = (
				DAD3D06D1DF4DB0E001D9846 /* Debug */,
				DAD3D06E1DF4DB0E001D9846 /* Release */,
			);
			defaultConfigurationIsVisible = 0;
			defaultConfigurationName = Release;
		};
/* End XCConfigurationList section */
	};
	rootObject = DAD3D0341DF4DB0C001D9846 /* Project object */;
}
